// !$*UTF8*$!
{
	archiveVersion = 1;
	classes = {
	};
	objectVersion = 55;
	objects = {

/* Begin PBXBuildFile section */
		B640AEC828B4D978008D1F1C /* YourOrangeMemoryApp.swift in Sources */ = {isa = PBXBuildFile; fileRef = B640AEC728B4D978008D1F1C /* YourOrangeMemoryApp.swift */; };
		B640AECA28B4D978008D1F1C /* ContentView.swift in Sources */ = {isa = PBXBuildFile; fileRef = B640AEC928B4D978008D1F1C /* ContentView.swift */; };
		B640AECC28B4D97A008D1F1C /* Assets.xcassets in Resources */ = {isa = PBXBuildFile; fileRef = B640AECB28B4D97A008D1F1C /* Assets.xcassets */; };
		B640AECF28B4D97A008D1F1C /* Preview Assets.xcassets in Resources */ = {isa = PBXBuildFile; fileRef = B640AECE28B4D97A008D1F1C /* Preview Assets.xcassets */; };
		B640AED928B4D97A008D1F1C /* YourOrangeMemoryTests.swift in Sources */ = {isa = PBXBuildFile; fileRef = B640AED828B4D97A008D1F1C /* YourOrangeMemoryTests.swift */; };
		B640AEE328B4D97A008D1F1C /* YourOrangeMemoryUITests.swift in Sources */ = {isa = PBXBuildFile; fileRef = B640AEE228B4D97A008D1F1C /* YourOrangeMemoryUITests.swift */; };
		B640AEE528B4D97A008D1F1C /* YourOrangeMemoryUITestsLaunchTests.swift in Sources */ = {isa = PBXBuildFile; fileRef = B640AEE428B4D97A008D1F1C /* YourOrangeMemoryUITestsLaunchTests.swift */; };
/* End PBXBuildFile section */

/* Begin PBXContainerItemProxy section */
		B640AED528B4D97A008D1F1C /* PBXContainerItemProxy */ = {
			isa = PBXContainerItemProxy;
			containerPortal = B640AEBC28B4D978008D1F1C /* Project object */;
			proxyType = 1;
			remoteGlobalIDString = B640AEC328B4D978008D1F1C;
			remoteInfo = YourOrangeMemory;
		};
		B640AEDF28B4D97A008D1F1C /* PBXContainerItemProxy */ = {
			isa = PBXContainerItemProxy;
			containerPortal = B640AEBC28B4D978008D1F1C /* Project object */;
			proxyType = 1;
			remoteGlobalIDString = B640AEC328B4D978008D1F1C;
			remoteInfo = YourOrangeMemory;
		};
/* End PBXContainerItemProxy section */

/* Begin PBXFileReference section */
		B640AEC428B4D978008D1F1C /* YourOrangeMemory.app */ = {isa = PBXFileReference; explicitFileType = wrapper.application; includeInIndex = 0; path = YourOrangeMemory.app; sourceTree = BUILT_PRODUCTS_DIR; };
		B640AEC728B4D978008D1F1C /* YourOrangeMemoryApp.swift */ = {isa = PBXFileReference; lastKnownFileType = sourcecode.swift; path = YourOrangeMemoryApp.swift; sourceTree = "<group>"; };
		B640AEC928B4D978008D1F1C /* ContentView.swift */ = {isa = PBXFileReference; lastKnownFileType = sourcecode.swift; path = ContentView.swift; sourceTree = "<group>"; };
		B640AECB28B4D97A008D1F1C /* Assets.xcassets */ = {isa = PBXFileReference; lastKnownFileType = folder.assetcatalog; path = Assets.xcassets; sourceTree = "<group>"; };
		B640AECE28B4D97A008D1F1C /* Preview Assets.xcassets */ = {isa = PBXFileReference; lastKnownFileType = folder.assetcatalog; path = "Preview Assets.xcassets"; sourceTree = "<group>"; };
		B640AED428B4D97A008D1F1C /* YourOrangeMemoryTests.xctest */ = {isa = PBXFileReference; explicitFileType = wrapper.cfbundle; includeInIndex = 0; path = YourOrangeMemoryTests.xctest; sourceTree = BUILT_PRODUCTS_DIR; };
		B640AED828B4D97A008D1F1C /* YourOrangeMemoryTests.swift */ = {isa = PBXFileReference; lastKnownFileType = sourcecode.swift; path = YourOrangeMemoryTests.swift; sourceTree = "<group>"; };
		B640AEDE28B4D97A008D1F1C /* YourOrangeMemoryUITests.xctest */ = {isa = PBXFileReference; explicitFileType = wrapper.cfbundle; includeInIndex = 0; path = YourOrangeMemoryUITests.xctest; sourceTree = BUILT_PRODUCTS_DIR; };
		B640AEE228B4D97A008D1F1C /* YourOrangeMemoryUITests.swift */ = {isa = PBXFileReference; lastKnownFileType = sourcecode.swift; path = YourOrangeMemoryUITests.swift; sourceTree = "<group>"; };
		B640AEE428B4D97A008D1F1C /* YourOrangeMemoryUITestsLaunchTests.swift */ = {isa = PBXFileReference; lastKnownFileType = sourcecode.swift; path = YourOrangeMemoryUITestsLaunchTests.swift; sourceTree = "<group>"; };
/* End PBXFileReference section */

/* Begin PBXFrameworksBuildPhase section */
		B640AEC128B4D978008D1F1C /* Frameworks */ = {
			isa = PBXFrameworksBuildPhase;
			buildActionMask = 2147483647;
			files = (
			);
			runOnlyForDeploymentPostprocessing = 0;
		};
		B640AED128B4D97A008D1F1C /* Frameworks */ = {
			isa = PBXFrameworksBuildPhase;
			buildActionMask = 2147483647;
			files = (
			);
			runOnlyForDeploymentPostprocessing = 0;
		};
		B640AEDB28B4D97A008D1F1C /* Frameworks */ = {
			isa = PBXFrameworksBuildPhase;
			buildActionMask = 2147483647;
			files = (
			);
			runOnlyForDeploymentPostprocessing = 0;
		};
/* End PBXFrameworksBuildPhase section */

/* Begin PBXGroup section */
		B640AEBB28B4D978008D1F1C = {
			isa = PBXGroup;
			children = (
				B640AEC628B4D978008D1F1C /* YourOrangeMemory */,
				B640AED728B4D97A008D1F1C /* YourOrangeMemoryTests */,
				B640AEE128B4D97A008D1F1C /* YourOrangeMemoryUITests */,
				B640AEC528B4D978008D1F1C /* Products */,
			);
			sourceTree = "<group>";
		};
		B640AEC528B4D978008D1F1C /* Products */ = {
			isa = PBXGroup;
			children = (
				B640AEC428B4D978008D1F1C /* YourOrangeMemory.app */,
				B640AED428B4D97A008D1F1C /* YourOrangeMemoryTests.xctest */,
				B640AEDE28B4D97A008D1F1C /* YourOrangeMemoryUITests.xctest */,
			);
			name = Products;
			sourceTree = "<group>";
		};
		B640AEC628B4D978008D1F1C /* YourOrangeMemory */ = {
			isa = PBXGroup;
			children = (
				B640AEC728B4D978008D1F1C /* YourOrangeMemoryApp.swift */,
				B640AEC928B4D978008D1F1C /* ContentView.swift */,
				B640AECB28B4D97A008D1F1C /* Assets.xcassets */,
				B640AECD28B4D97A008D1F1C /* Preview Content */,
			);
			path = YourOrangeMemory;
			sourceTree = "<group>";
		};
		B640AECD28B4D97A008D1F1C /* Preview Content */ = {
			isa = PBXGroup;
			children = (
				B640AECE28B4D97A008D1F1C /* Preview Assets.xcassets */,
			);
			path = "Preview Content";
			sourceTree = "<group>";
		};
		B640AED728B4D97A008D1F1C /* YourOrangeMemoryTests */ = {
			isa = PBXGroup;
			children = (
				B640AED828B4D97A008D1F1C /* YourOrangeMemoryTests.swift */,
			);
			path = YourOrangeMemoryTests;
			sourceTree = "<group>";
		};
		B640AEE128B4D97A008D1F1C /* YourOrangeMemoryUITests */ = {
			isa = PBXGroup;
			children = (
				B640AEE228B4D97A008D1F1C /* YourOrangeMemoryUITests.swift */,
				B640AEE428B4D97A008D1F1C /* YourOrangeMemoryUITestsLaunchTests.swift */,
			);
			path = YourOrangeMemoryUITests;
			sourceTree = "<group>";
		};
/* End PBXGroup section */

/* Begin PBXNativeTarget section */
		B640AEC328B4D978008D1F1C /* YourOrangeMemory */ = {
			isa = PBXNativeTarget;
			buildConfigurationList = B640AEE828B4D97A008D1F1C /* Build configuration list for PBXNativeTarget "YourOrangeMemory" */;
			buildPhases = (
				B640AEC028B4D978008D1F1C /* Sources */,
				B640AEC128B4D978008D1F1C /* Frameworks */,
				B640AEC228B4D978008D1F1C /* Resources */,
			);
			buildRules = (
			);
			dependencies = (
			);
			name = YourOrangeMemory;
			productName = YourOrangeMemory;
			productReference = B640AEC428B4D978008D1F1C /* YourOrangeMemory.app */;
			productType = "com.apple.product-type.application";
		};
		B640AED328B4D97A008D1F1C /* YourOrangeMemoryTests */ = {
			isa = PBXNativeTarget;
			buildConfigurationList = B640AEEB28B4D97A008D1F1C /* Build configuration list for PBXNativeTarget "YourOrangeMemoryTests" */;
			buildPhases = (
				B640AED028B4D97A008D1F1C /* Sources */,
				B640AED128B4D97A008D1F1C /* Frameworks */,
				B640AED228B4D97A008D1F1C /* Resources */,
			);
			buildRules = (
			);
			dependencies = (
				B640AED628B4D97A008D1F1C /* PBXTargetDependency */,
			);
			name = YourOrangeMemoryTests;
			productName = YourOrangeMemoryTests;
			productReference = B640AED428B4D97A008D1F1C /* YourOrangeMemoryTests.xctest */;
			productType = "com.apple.product-type.bundle.unit-test";
		};
		B640AEDD28B4D97A008D1F1C /* YourOrangeMemoryUITests */ = {
			isa = PBXNativeTarget;
			buildConfigurationList = B640AEEE28B4D97A008D1F1C /* Build configuration list for PBXNativeTarget "YourOrangeMemoryUITests" */;
			buildPhases = (
				B640AEDA28B4D97A008D1F1C /* Sources */,
				B640AEDB28B4D97A008D1F1C /* Frameworks */,
				B640AEDC28B4D97A008D1F1C /* Resources */,
			);
			buildRules = (
			);
			dependencies = (
				B640AEE028B4D97A008D1F1C /* PBXTargetDependency */,
			);
			name = YourOrangeMemoryUITests;
			productName = YourOrangeMemoryUITests;
			productReference = B640AEDE28B4D97A008D1F1C /* YourOrangeMemoryUITests.xctest */;
			productType = "com.apple.product-type.bundle.ui-testing";
		};
/* End PBXNativeTarget section */

/* Begin PBXProject section */
		B640AEBC28B4D978008D1F1C /* Project object */ = {
			isa = PBXProject;
			attributes = {
				BuildIndependentTargetsInParallel = 1;
				LastSwiftUpdateCheck = 1340;
				LastUpgradeCheck = 1340;
				TargetAttributes = {
					B640AEC328B4D978008D1F1C = {
						CreatedOnToolsVersion = 13.4.1;
					};
					B640AED328B4D97A008D1F1C = {
						CreatedOnToolsVersion = 13.4.1;
						TestTargetID = B640AEC328B4D978008D1F1C;
					};
					B640AEDD28B4D97A008D1F1C = {
						CreatedOnToolsVersion = 13.4.1;
						TestTargetID = B640AEC328B4D978008D1F1C;
					};
				};
			};
			buildConfigurationList = B640AEBF28B4D978008D1F1C /* Build configuration list for PBXProject "YourOrangeMemory" */;
			compatibilityVersion = "Xcode 13.0";
			developmentRegion = en;
			hasScannedForEncodings = 0;
			knownRegions = (
				en,
				Base,
			);
			mainGroup = B640AEBB28B4D978008D1F1C;
			productRefGroup = B640AEC528B4D978008D1F1C /* Products */;
			projectDirPath = "";
			projectRoot = "";
			targets = (
				B640AEC328B4D978008D1F1C /* YourOrangeMemory */,
				B640AED328B4D97A008D1F1C /* YourOrangeMemoryTests */,
				B640AEDD28B4D97A008D1F1C /* YourOrangeMemoryUITests */,
			);
		};
/* End PBXProject section */

/* Begin PBXResourcesBuildPhase section */
		B640AEC228B4D978008D1F1C /* Resources */ = {
			isa = PBXResourcesBuildPhase;
			buildActionMask = 2147483647;
			files = (
				B640AECF28B4D97A008D1F1C /* Preview Assets.xcassets in Resources */,
				B640AECC28B4D97A008D1F1C /* Assets.xcassets in Resources */,
			);
			runOnlyForDeploymentPostprocessing = 0;
		};
		B640AED228B4D97A008D1F1C /* Resources */ = {
			isa = PBXResourcesBuildPhase;
			buildActionMask = 2147483647;
			files = (
			);
			runOnlyForDeploymentPostprocessing = 0;
		};
		B640AEDC28B4D97A008D1F1C /* Resources */ = {
			isa = PBXResourcesBuildPhase;
			buildActionMask = 2147483647;
			files = (
			);
			runOnlyForDeploymentPostprocessing = 0;
		};
/* End PBXResourcesBuildPhase section */

/* Begin PBXSourcesBuildPhase section */
		B640AEC028B4D978008D1F1C /* Sources */ = {
			isa = PBXSourcesBuildPhase;
			buildActionMask = 2147483647;
			files = (
				B640AECA28B4D978008D1F1C /* ContentView.swift in Sources */,
				B640AEC828B4D978008D1F1C /* YourOrangeMemoryApp.swift in Sources */,
			);
			runOnlyForDeploymentPostprocessing = 0;
		};
		B640AED028B4D97A008D1F1C /* Sources */ = {
			isa = PBXSourcesBuildPhase;
			buildActionMask = 2147483647;
			files = (
				B640AED928B4D97A008D1F1C /* YourOrangeMemoryTests.swift in Sources */,
			);
			runOnlyForDeploymentPostprocessing = 0;
		};
		B640AEDA28B4D97A008D1F1C /* Sources */ = {
			isa = PBXSourcesBuildPhase;
			buildActionMask = 2147483647;
			files = (
				B640AEE528B4D97A008D1F1C /* YourOrangeMemoryUITestsLaunchTests.swift in Sources */,
				B640AEE328B4D97A008D1F1C /* YourOrangeMemoryUITests.swift in Sources */,
			);
			runOnlyForDeploymentPostprocessing = 0;
		};
/* End PBXSourcesBuildPhase section */

/* Begin PBXTargetDependency section */
		B640AED628B4D97A008D1F1C /* PBXTargetDependency */ = {
			isa = PBXTargetDependency;
			target = B640AEC328B4D978008D1F1C /* YourOrangeMemory */;
			targetProxy = B640AED528B4D97A008D1F1C /* PBXContainerItemProxy */;
		};
		B640AEE028B4D97A008D1F1C /* PBXTargetDependency */ = {
			isa = PBXTargetDependency;
			target = B640AEC328B4D978008D1F1C /* YourOrangeMemory */;
			targetProxy = B640AEDF28B4D97A008D1F1C /* PBXContainerItemProxy */;
		};
/* End PBXTargetDependency section */

/* Begin XCBuildConfiguration section */
		B640AEE628B4D97A008D1F1C /* Debug */ = {
			isa = XCBuildConfiguration;
			buildSettings = {
				ALWAYS_SEARCH_USER_PATHS = NO;
				CLANG_ANALYZER_NONNULL = YES;
				CLANG_ANALYZER_NUMBER_OBJECT_CONVERSION = YES_AGGRESSIVE;
				CLANG_CXX_LANGUAGE_STANDARD = "gnu++17";
				CLANG_ENABLE_MODULES = YES;
				CLANG_ENABLE_OBJC_ARC = YES;
				CLANG_ENABLE_OBJC_WEAK = YES;
				CLANG_WARN_BLOCK_CAPTURE_AUTORELEASING = YES;
				CLANG_WARN_BOOL_CONVERSION = YES;
				CLANG_WARN_COMMA = YES;
				CLANG_WARN_CONSTANT_CONVERSION = YES;
				CLANG_WARN_DEPRECATED_OBJC_IMPLEMENTATIONS = YES;
				CLANG_WARN_DIRECT_OBJC_ISA_USAGE = YES_ERROR;
				CLANG_WARN_DOCUMENTATION_COMMENTS = YES;
				CLANG_WARN_EMPTY_BODY = YES;
				CLANG_WARN_ENUM_CONVERSION = YES;
				CLANG_WARN_INFINITE_RECURSION = YES;
				CLANG_WARN_INT_CONVERSION = YES;
				CLANG_WARN_NON_LITERAL_NULL_CONVERSION = YES;
				CLANG_WARN_OBJC_IMPLICIT_RETAIN_SELF = YES;
				CLANG_WARN_OBJC_LITERAL_CONVERSION = YES;
				CLANG_WARN_OBJC_ROOT_CLASS = YES_ERROR;
				CLANG_WARN_QUOTED_INCLUDE_IN_FRAMEWORK_HEADER = YES;
				CLANG_WARN_RANGE_LOOP_ANALYSIS = YES;
				CLANG_WARN_STRICT_PROTOTYPES = YES;
				CLANG_WARN_SUSPICIOUS_MOVE = YES;
				CLANG_WARN_UNGUARDED_AVAILABILITY = YES_AGGRESSIVE;
				CLANG_WARN_UNREACHABLE_CODE = YES;
				CLANG_WARN__DUPLICATE_METHOD_MATCH = YES;
				COPY_PHASE_STRIP = NO;
				DEBUG_INFORMATION_FORMAT = dwarf;
				ENABLE_STRICT_OBJC_MSGSEND = YES;
				ENABLE_TESTABILITY = YES;
				GCC_C_LANGUAGE_STANDARD = gnu11;
				GCC_DYNAMIC_NO_PIC = NO;
				GCC_NO_COMMON_BLOCKS = YES;
				GCC_OPTIMIZATION_LEVEL = 0;
				GCC_PREPROCESSOR_DEFINITIONS = (
					"DEBUG=1",
					"$(inherited)",
				);
				GCC_WARN_64_TO_32_BIT_CONVERSION = YES;
				GCC_WARN_ABOUT_RETURN_TYPE = YES_ERROR;
				GCC_WARN_UNDECLARED_SELECTOR = YES;
				GCC_WARN_UNINITIALIZED_AUTOS = YES_AGGRESSIVE;
				GCC_WARN_UNUSED_FUNCTION = YES;
				GCC_WARN_UNUSED_VARIABLE = YES;
				IPHONEOS_DEPLOYMENT_TARGET = 15.5;
				MTL_ENABLE_DEBUG_INFO = INCLUDE_SOURCE;
				MTL_FAST_MATH = YES;
				ONLY_ACTIVE_ARCH = YES;
				SDKROOT = iphoneos;
				SWIFT_ACTIVE_COMPILATION_CONDITIONS = DEBUG;
				SWIFT_OPTIMIZATION_LEVEL = "-Onone";
			};
			name = Debug;
		};
		B640AEE728B4D97A008D1F1C /* Release */ = {
			isa = XCBuildConfiguration;
			buildSettings = {
				ALWAYS_SEARCH_USER_PATHS = NO;
				CLANG_ANALYZER_NONNULL = YES;
				CLANG_ANALYZER_NUMBER_OBJECT_CONVERSION = YES_AGGRESSIVE;
				CLANG_CXX_LANGUAGE_STANDARD = "gnu++17";
				CLANG_ENABLE_MODULES = YES;
				CLANG_ENABLE_OBJC_ARC = YES;
				CLANG_ENABLE_OBJC_WEAK = YES;
				CLANG_WARN_BLOCK_CAPTURE_AUTORELEASING = YES;
				CLANG_WARN_BOOL_CONVERSION = YES;
				CLANG_WARN_COMMA = YES;
				CLANG_WARN_CONSTANT_CONVERSION = YES;
				CLANG_WARN_DEPRECATED_OBJC_IMPLEMENTATIONS = YES;
				CLANG_WARN_DIRECT_OBJC_ISA_USAGE = YES_ERROR;
				CLANG_WARN_DOCUMENTATION_COMMENTS = YES;
				CLANG_WARN_EMPTY_BODY = YES;
				CLANG_WARN_ENUM_CONVERSION = YES;
				CLANG_WARN_INFINITE_RECURSION = YES;
				CLANG_WARN_INT_CONVERSION = YES;
				CLANG_WARN_NON_LITERAL_NULL_CONVERSION = YES;
				CLANG_WARN_OBJC_IMPLICIT_RETAIN_SELF = YES;
				CLANG_WARN_OBJC_LITERAL_CONVERSION = YES;
				CLANG_WARN_OBJC_ROOT_CLASS = YES_ERROR;
				CLANG_WARN_QUOTED_INCLUDE_IN_FRAMEWORK_HEADER = YES;
				CLANG_WARN_RANGE_LOOP_ANALYSIS = YES;
				CLANG_WARN_STRICT_PROTOTYPES = YES;
				CLANG_WARN_SUSPICIOUS_MOVE = YES;
				CLANG_WARN_UNGUARDED_AVAILABILITY = YES_AGGRESSIVE;
				CLANG_WARN_UNREACHABLE_CODE = YES;
				CLANG_WARN__DUPLICATE_METHOD_MATCH = YES;
				COPY_PHASE_STRIP = NO;
				DEBUG_INFORMATION_FORMAT = "dwarf-with-dsym";
				ENABLE_NS_ASSERTIONS = NO;
				ENABLE_STRICT_OBJC_MSGSEND = YES;
				GCC_C_LANGUAGE_STANDARD = gnu11;
				GCC_NO_COMMON_BLOCKS = YES;
				GCC_WARN_64_TO_32_BIT_CONVERSION = YES;
				GCC_WARN_ABOUT_RETURN_TYPE = YES_ERROR;
				GCC_WARN_UNDECLARED_SELECTOR = YES;
				GCC_WARN_UNINITIALIZED_AUTOS = YES_AGGRESSIVE;
				GCC_WARN_UNUSED_FUNCTION = YES;
				GCC_WARN_UNUSED_VARIABLE = YES;
				IPHONEOS_DEPLOYMENT_TARGET = 15.5;
				MTL_ENABLE_DEBUG_INFO = NO;
				MTL_FAST_MATH = YES;
				SDKROOT = iphoneos;
				SWIFT_COMPILATION_MODE = wholemodule;
				SWIFT_OPTIMIZATION_LEVEL = "-O";
				VALIDATE_PRODUCT = YES;
			};
			name = Release;
		};
		B640AEE928B4D97A008D1F1C /* Debug */ = {
			isa = XCBuildConfiguration;
			buildSettings = {
				ASSETCATALOG_COMPILER_APPICON_NAME = AppIcon;
				ASSETCATALOG_COMPILER_GLOBAL_ACCENT_COLOR_NAME = AccentColor;
				CODE_SIGN_STYLE = Automatic;
				CURRENT_PROJECT_VERSION = 1;
				DEVELOPMENT_ASSET_PATHS = "\"YourOrangeMemory/Preview Content\"";
				DEVELOPMENT_TEAM = C9U5P5BGJW;
				ENABLE_PREVIEWS = YES;
				GENERATE_INFOPLIST_FILE = YES;
				INFOPLIST_KEY_UIApplicationSceneManifest_Generation = YES;
				INFOPLIST_KEY_UIApplicationSupportsIndirectInputEvents = YES;
				INFOPLIST_KEY_UILaunchScreen_Generation = YES;
				INFOPLIST_KEY_UISupportedInterfaceOrientations_iPad = "UIInterfaceOrientationPortrait UIInterfaceOrientationPortraitUpsideDown UIInterfaceOrientationLandscapeLeft UIInterfaceOrientationLandscapeRight";
				INFOPLIST_KEY_UISupportedInterfaceOrientations_iPhone = "UIInterfaceOrientationPortrait UIInterfaceOrientationLandscapeLeft UIInterfaceOrientationLandscapeRight";
				LD_RUNPATH_SEARCH_PATHS = (
					"$(inherited)",
					"@executable_path/Frameworks",
				);
				MARKETING_VERSION = 1.0;
				PRODUCT_BUNDLE_IDENTIFIER = ggg.YourOrangeMemory;
				PRODUCT_NAME = "$(TARGET_NAME)";
				SWIFT_EMIT_LOC_STRINGS = YES;
				SWIFT_VERSION = 5.0;
				TARGETED_DEVICE_FAMILY = "1,2";
			};
			name = Debug;
		};
		B640AEEA28B4D97A008D1F1C /* Release */ = {
			isa = XCBuildConfiguration;
			buildSettings = {
				ASSETCATALOG_COMPILER_APPICON_NAME = AppIcon;
				ASSETCATALOG_COMPILER_GLOBAL_ACCENT_COLOR_NAME = AccentColor;
				CODE_SIGN_STYLE = Automatic;
				CURRENT_PROJECT_VERSION = 1;
				DEVELOPMENT_ASSET_PATHS = "\"YourOrangeMemory/Preview Content\"";
				DEVELOPMENT_TEAM = C9U5P5BGJW;
				ENABLE_PREVIEWS = YES;
				GENERATE_INFOPLIST_FILE = YES;
				INFOPLIST_KEY_UIApplicationSceneManifest_Generation = YES;
				INFOPLIST_KEY_UIApplicationSupportsIndirectInputEvents = YES;
				INFOPLIST_KEY_UILaunchScreen_Generation = YES;
				INFOPLIST_KEY_UISupportedInterfaceOrientations_iPad = "UIInterfaceOrientationPortrait UIInterfaceOrientationPortraitUpsideDown UIInterfaceOrientationLandscapeLeft UIInterfaceOrientationLandscapeRight";
				INFOPLIST_KEY_UISupportedInterfaceOrientations_iPhone = "UIInterfaceOrientationPortrait UIInterfaceOrientationLandscapeLeft UIInterfaceOrientationLandscapeRight";
				LD_RUNPATH_SEARCH_PATHS = (
					"$(inherited)",
					"@executable_path/Frameworks",
				);
				MARKETING_VERSION = 1.0;
				PRODUCT_BUNDLE_IDENTIFIER = ggg.YourOrangeMemory;
				PRODUCT_NAME = "$(TARGET_NAME)";
				SWIFT_EMIT_LOC_STRINGS = YES;
				SWIFT_VERSION = 5.0;
				TARGETED_DEVICE_FAMILY = "1,2";
			};
			name = Release;
		};
		B640AEEC28B4D97A008D1F1C /* Debug */ = {
			isa = XCBuildConfiguration;
			buildSettings = {
				ALWAYS_EMBED_SWIFT_STANDARD_LIBRARIES = YES;
				BUNDLE_LOADER = "$(TEST_HOST)";
				CODE_SIGN_STYLE = Automatic;
				CURRENT_PROJECT_VERSION = 1;
				DEVELOPMENT_TEAM = C9U5P5BGJW;
				GENERATE_INFOPLIST_FILE = YES;
				IPHONEOS_DEPLOYMENT_TARGET = 15.5;
				MARKETING_VERSION = 1.0;
				PRODUCT_BUNDLE_IDENTIFIER = ggg.YourOrangeMemoryTests;
				PRODUCT_NAME = "$(TARGET_NAME)";
				SWIFT_EMIT_LOC_STRINGS = NO;
				SWIFT_VERSION = 5.0;
				TARGETED_DEVICE_FAMILY = "1,2";
				TEST_HOST = "$(BUILT_PRODUCTS_DIR)/YourOrangeMemory.app/YourOrangeMemory";
			};
			name = Debug;
		};
		B640AEED28B4D97A008D1F1C /* Release */ = {
			isa = XCBuildConfiguration;
			buildSettings = {
				ALWAYS_EMBED_SWIFT_STANDARD_LIBRARIES = YES;
				BUNDLE_LOADER = "$(TEST_HOST)";
				CODE_SIGN_STYLE = Automatic;
				CURRENT_PROJECT_VERSION = 1;
				DEVELOPMENT_TEAM = C9U5P5BGJW;
				GENERATE_INFOPLIST_FILE = YES;
				IPHONEOS_DEPLOYMENT_TARGET = 15.5;
				MARKETING_VERSION = 1.0;
				PRODUCT_BUNDLE_IDENTIFIER = ggg.YourOrangeMemoryTests;
				PRODUCT_NAME = "$(TARGET_NAME)";
				SWIFT_EMIT_LOC_STRINGS = NO;
				SWIFT_VERSION = 5.0;
				TARGETED_DEVICE_FAMILY = "1,2";
				TEST_HOST = "$(BUILT_PRODUCTS_DIR)/YourOrangeMemory.app/YourOrangeMemory";
			};
			name = Release;
		};
		B640AEEF28B4D97A008D1F1C /* Debug */ = {
			isa = XCBuildConfiguration;
			buildSettings = {
				ALWAYS_EMBED_SWIFT_STANDARD_LIBRARIES = YES;
				CODE_SIGN_STYLE = Automatic;
				CURRENT_PROJECT_VERSION = 1;
				DEVELOPMENT_TEAM = C9U5P5BGJW;
				GENERATE_INFOPLIST_FILE = YES;
				MARKETING_VERSION = 1.0;
				PRODUCT_BUNDLE_IDENTIFIER = ggg.YourOrangeMemoryUITests;
				PRODUCT_NAME = "$(TARGET_NAME)";
				SWIFT_EMIT_LOC_STRINGS = NO;
				SWIFT_VERSION = 5.0;
				TARGETED_DEVICE_FAMILY = "1,2";
				TEST_TARGET_NAME = YourOrangeMemory;
			};
			name = Debug;
		};
		B640AEF028B4D97A008D1F1C /* Release */ = {
			isa = XCBuildConfiguration;
			buildSettings = {
				ALWAYS_EMBED_SWIFT_STANDARD_LIBRARIES = YES;
				CODE_SIGN_STYLE = Automatic;
				CURRENT_PROJECT_VERSION = 1;
				DEVELOPMENT_TEAM = C9U5P5BGJW;
				GENERATE_INFOPLIST_FILE = YES;
				MARKETING_VERSION = 1.0;
				PRODUCT_BUNDLE_IDENTIFIER = ggg.YourOrangeMemoryUITests;
				PRODUCT_NAME = "$(TARGET_NAME)";
				SWIFT_EMIT_LOC_STRINGS = NO;
				SWIFT_VERSION = 5.0;
				TARGETED_DEVICE_FAMILY = "1,2";
				TEST_TARGET_NAME = YourOrangeMemory;
			};
			name = Release;
		};
/* End XCBuildConfiguration section */

/* Begin XCConfigurationList section */
		B640AEBF28B4D978008D1F1C /* Build configuration list for PBXProject "YourOrangeMemory" */ = {
			isa = XCConfigurationList;
			buildConfigurations = (
				B640AEE628B4D97A008D1F1C /* Debug */,
				B640AEE728B4D97A008D1F1C /* Release */,
			);
			defaultConfigurationIsVisible = 0;
			defaultConfigurationName = Release;
		};
		B640AEE828B4D97A008D1F1C /* Build configuration list for PBXNativeTarget "YourOrangeMemory" */ = {
			isa = XCConfigurationList;
			buildConfigurations = (
				B640AEE928B4D97A008D1F1C /* Debug */,
				B640AEEA28B4D97A008D1F1C /* Release */,
			);
			defaultConfigurationIsVisible = 0;
			defaultConfigurationName = Release;
		};
		B640AEEB28B4D97A008D1F1C /* Build configuration list for PBXNativeTarget "YourOrangeMemoryTests" */ = {
			isa = XCConfigurationList;
			buildConfigurations = (
				B640AEEC28B4D97A008D1F1C /* Debug */,
				B640AEED28B4D97A008D1F1C /* Release */,
			);
			defaultConfigurationIsVisible = 0;
			defaultConfigurationName = Release;
		};
		B640AEEE28B4D97A008D1F1C /* Build configuration list for PBXNativeTarget "YourOrangeMemoryUITests" */ = {
			isa = XCConfigurationList;
			buildConfigurations = (
				B640AEEF28B4D97A008D1F1C /* Debug */,
				B640AEF028B4D97A008D1F1C /* Release */,
			);
			defaultConfigurationIsVisible = 0;
			defaultConfigurationName = Release;
		};
/* End XCConfigurationList section */
	};
	rootObject = B640AEBC28B4D978008D1F1C /* Project object */;
}
